// !$*UTF8*$!
{
	archiveVersion = 1;
	classes = {
	};
	objectVersion = 50;
	objects = {

/* Begin PBXBuildFile section */
		16536B14217A9BC800003ECD /* SwiftSoup.framework in Frameworks */ = {isa = PBXBuildFile; fileRef = 16536B13217A9BC800003ECD /* SwiftSoup.framework */; };
		16536B1B217AB2C600003ECD /* EntrySearchResult.swift in Sources */ = {isa = PBXBuildFile; fileRef = 16536B1A217AB2C600003ECD /* EntrySearchResult.swift */; };
		16536B1D217AB91D00003ECD /* TextFieldExtension.swift in Sources */ = {isa = PBXBuildFile; fileRef = 16536B1C217AB91D00003ECD /* TextFieldExtension.swift */; };
		16536B1F217AB94B00003ECD /* SearchOption.swift in Sources */ = {isa = PBXBuildFile; fileRef = 16536B1E217AB94B00003ECD /* SearchOption.swift */; };
		16EED9F8217A985200169389 /* AppDelegate.swift in Sources */ = {isa = PBXBuildFile; fileRef = 16EED9F7217A985200169389 /* AppDelegate.swift */; };
		16EED9FA217A985200169389 /* ViewController.swift in Sources */ = {isa = PBXBuildFile; fileRef = 16EED9F9217A985200169389 /* ViewController.swift */; };
		16EED9FD217A985200169389 /* Main.storyboard in Resources */ = {isa = PBXBuildFile; fileRef = 16EED9FB217A985200169389 /* Main.storyboard */; };
		16EED9FF217A985200169389 /* Assets.xcassets in Resources */ = {isa = PBXBuildFile; fileRef = 16EED9FE217A985200169389 /* Assets.xcassets */; };
		16EEDA02217A985200169389 /* LaunchScreen.storyboard in Resources */ = {isa = PBXBuildFile; fileRef = 16EEDA00217A985200169389 /* LaunchScreen.storyboard */; };
/* End PBXBuildFile section */

/* Begin PBXFileReference section */
		16536B13217A9BC800003ECD /* SwiftSoup.framework */ = {isa = PBXFileReference; lastKnownFileType = wrapper.framework; name = SwiftSoup.framework; path = Carthage/Build/iOS/SwiftSoup.framework; sourceTree = "<group>"; };
		16536B1A217AB2C600003ECD /* EntrySearchResult.swift */ = {isa = PBXFileReference; lastKnownFileType = sourcecode.swift; path = EntrySearchResult.swift; sourceTree = "<group>"; };
		16536B1C217AB91D00003ECD /* TextFieldExtension.swift */ = {isa = PBXFileReference; lastKnownFileType = sourcecode.swift; path = TextFieldExtension.swift; sourceTree = "<group>"; };
		16536B1E217AB94B00003ECD /* SearchOption.swift */ = {isa = PBXFileReference; lastKnownFileType = sourcecode.swift; path = SearchOption.swift; sourceTree = "<group>"; };
		16EED9F4217A985100169389 /* MED Mobile.app */ = {isa = PBXFileReference; explicitFileType = wrapper.application; includeInIndex = 0; path = "MED Mobile.app"; sourceTree = BUILT_PRODUCTS_DIR; };
		16EED9F7217A985200169389 /* AppDelegate.swift */ = {isa = PBXFileReference; lastKnownFileType = sourcecode.swift; path = AppDelegate.swift; sourceTree = "<group>"; };
		16EED9F9217A985200169389 /* ViewController.swift */ = {isa = PBXFileReference; lastKnownFileType = sourcecode.swift; path = ViewController.swift; sourceTree = "<group>"; };
		16EED9FC217A985200169389 /* Base */ = {isa = PBXFileReference; lastKnownFileType = file.storyboard; name = Base; path = Base.lproj/Main.storyboard; sourceTree = "<group>"; };
		16EED9FE217A985200169389 /* Assets.xcassets */ = {isa = PBXFileReference; lastKnownFileType = folder.assetcatalog; path = Assets.xcassets; sourceTree = "<group>"; };
		16EEDA01217A985200169389 /* Base */ = {isa = PBXFileReference; lastKnownFileType = file.storyboard; name = Base; path = Base.lproj/LaunchScreen.storyboard; sourceTree = "<group>"; };
		16EEDA03217A985200169389 /* Info.plist */ = {isa = PBXFileReference; lastKnownFileType = text.plist.xml; path = Info.plist; sourceTree = "<group>"; };
/* End PBXFileReference section */

/* Begin PBXFrameworksBuildPhase section */
		16EED9F1217A985100169389 /* Frameworks */ = {
			isa = PBXFrameworksBuildPhase;
			buildActionMask = 2147483647;
			files = (
				16536B14217A9BC800003ECD /* SwiftSoup.framework in Frameworks */,
			);
			runOnlyForDeploymentPostprocessing = 0;
		};
/* End PBXFrameworksBuildPhase section */

/* Begin PBXGroup section */
		16536B12217A9BC800003ECD /* Frameworks */ = {
			isa = PBXGroup;
			children = (
				16536B13217A9BC800003ECD /* SwiftSoup.framework */,
			);
			name = Frameworks;
			sourceTree = "<group>";
		};
		16EED9EB217A985100169389 = {
			isa = PBXGroup;
			children = (
				16EED9F6217A985100169389 /* MED Mobile */,
				16EED9F5217A985100169389 /* Products */,
				16536B12217A9BC800003ECD /* Frameworks */,
			);
			sourceTree = "<group>";
		};
		16EED9F5217A985100169389 /* Products */ = {
			isa = PBXGroup;
			children = (
				16EED9F4217A985100169389 /* MED Mobile.app */,
			);
			name = Products;
			sourceTree = "<group>";
		};
		16EED9F6217A985100169389 /* MED Mobile */ = {
			isa = PBXGroup;
			children = (
				16536B1A217AB2C600003ECD /* EntrySearchResult.swift */,
				16EED9F7217A985200169389 /* AppDelegate.swift */,
				16EED9F9217A985200169389 /* ViewController.swift */,
				16EED9FB217A985200169389 /* Main.storyboard */,
				16536B1C217AB91D00003ECD /* TextFieldExtension.swift */,
				16536B1E217AB94B00003ECD /* SearchOption.swift */,
				16EED9FE217A985200169389 /* Assets.xcassets */,
				16EEDA00217A985200169389 /* LaunchScreen.storyboard */,
				16EEDA03217A985200169389 /* Info.plist */,
			);
			path = "MED Mobile";
			sourceTree = "<group>";
		};
/* End PBXGroup section */

/* Begin PBXNativeTarget section */
		16EED9F3217A985100169389 /* MED Mobile */ = {
			isa = PBXNativeTarget;
			buildConfigurationList = 16EEDA06217A985200169389 /* Build configuration list for PBXNativeTarget "MED Mobile" */;
			buildPhases = (
				16EED9F0217A985100169389 /* Sources */,
				16EED9F1217A985100169389 /* Frameworks */,
				16EED9F2217A985100169389 /* Resources */,
				16536B15217A9BEF00003ECD /* ShellScript */,
			);
			buildRules = (
			);
			dependencies = (
			);
			name = "MED Mobile";
			productName = "MED Mobile";
			productReference = 16EED9F4217A985100169389 /* MED Mobile.app */;
			productType = "com.apple.product-type.application";
		};
/* End PBXNativeTarget section */

/* Begin PBXProject section */
		16EED9EC217A985100169389 /* Project object */ = {
			isa = PBXProject;
			attributes = {
				LastSwiftUpdateCheck = 1000;
				LastUpgradeCheck = 1000;
				ORGANIZATIONNAME = "Evan David";
				TargetAttributes = {
					16EED9F3217A985100169389 = {
						CreatedOnToolsVersion = 10.0;
					};
				};
			};
			buildConfigurationList = 16EED9EF217A985100169389 /* Build configuration list for PBXProject "MED Mobile" */;
			compatibilityVersion = "Xcode 9.3";
			developmentRegion = en;
			hasScannedForEncodings = 0;
			knownRegions = (
				en,
				Base,
			);
			mainGroup = 16EED9EB217A985100169389;
			productRefGroup = 16EED9F5217A985100169389 /* Products */;
			projectDirPath = "";
			projectRoot = "";
			targets = (
				16EED9F3217A985100169389 /* MED Mobile */,
			);
		};
/* End PBXProject section */

/* Begin PBXResourcesBuildPhase section */
		16EED9F2217A985100169389 /* Resources */ = {
			isa = PBXResourcesBuildPhase;
			buildActionMask = 2147483647;
			files = (
				16EEDA02217A985200169389 /* LaunchScreen.storyboard in Resources */,
				16EED9FF217A985200169389 /* Assets.xcassets in Resources */,
				16EED9FD217A985200169389 /* Main.storyboard in Resources */,
			);
			runOnlyForDeploymentPostprocessing = 0;
		};
/* End PBXResourcesBuildPhase section */

/* Begin PBXShellScriptBuildPhase section */
		16536B15217A9BEF00003ECD /* ShellScript */ = {
			isa = PBXShellScriptBuildPhase;
			buildActionMask = 2147483647;
			files = (
			);
			inputFileListPaths = (
			);
			inputPaths = (
				"$(SRCROOT)/Carthage/Build/iOS/SwiftSoup.framework",
			);
			outputFileListPaths = (
			);
			outputPaths = (
			);
			runOnlyForDeploymentPostprocessing = 0;
			shellPath = /bin/sh;
			shellScript = "# Type a script or drag a script file from your workspace to insert its path.\n/usr/local/bin/carthage copy-frameworks\n";
		};
/* End PBXShellScriptBuildPhase section */

/* Begin PBXSourcesBuildPhase section */
		16EED9F0217A985100169389 /* Sources */ = {
			isa = PBXSourcesBuildPhase;
			buildActionMask = 2147483647;
			files = (
				16EED9FA217A985200169389 /* ViewController.swift in Sources */,
				16536B1D217AB91D00003ECD /* TextFieldExtension.swift in Sources */,
				16536B1B217AB2C600003ECD /* EntrySearchResult.swift in Sources */,
				16EED9F8217A985200169389 /* AppDelegate.swift in Sources */,
				16536B1F217AB94B00003ECD /* SearchOption.swift in Sources */,
			);
			runOnlyForDeploymentPostprocessing = 0;
		};
/* End PBXSourcesBuildPhase section */

/* Begin PBXVariantGroup section */
		16EED9FB217A985200169389 /* Main.storyboard */ = {
			isa = PBXVariantGroup;
			children = (
				16EED9FC217A985200169389 /* Base */,
			);
			name = Main.storyboard;
			sourceTree = "<group>";
		};
		16EEDA00217A985200169389 /* LaunchScreen.storyboard */ = {
			isa = PBXVariantGroup;
			children = (
				16EEDA01217A985200169389 /* Base */,
			);
			name = LaunchScreen.storyboard;
			sourceTree = "<group>";
		};
/* End PBXVariantGroup section */

/* Begin XCBuildConfiguration section */
		16EEDA04217A985200169389 /* Debug */ = {
			isa = XCBuildConfiguration;
			buildSettings = {
				ALWAYS_SEARCH_USER_PATHS = NO;
				CLANG_ANALYZER_NONNULL = YES;
				CLANG_ANALYZER_NUMBER_OBJECT_CONVERSION = YES_AGGRESSIVE;
				CLANG_CXX_LANGUAGE_STANDARD = "gnu++14";
				CLANG_CXX_LIBRARY = "libc++";
				CLANG_ENABLE_MODULES = YES;
				CLANG_ENABLE_OBJC_ARC = YES;
				CLANG_ENABLE_OBJC_WEAK = YES;
				CLANG_WARN_BLOCK_CAPTURE_AUTORELEASING = YES;
				CLANG_WARN_BOOL_CONVERSION = YES;
				CLANG_WARN_COMMA = YES;
				CLANG_WARN_CONSTANT_CONVERSION = YES;
				CLANG_WARN_DEPRECATED_OBJC_IMPLEMENTATIONS = YES;
				CLANG_WARN_DIRECT_OBJC_ISA_USAGE = YES_ERROR;
				CLANG_WARN_DOCUMENTATION_COMMENTS = YES;
				CLANG_WARN_EMPTY_BODY = YES;
				CLANG_WARN_ENUM_CONVERSION = YES;
				CLANG_WARN_INFINITE_RECURSION = YES;
				CLANG_WARN_INT_CONVERSION = YES;
				CLANG_WARN_NON_LITERAL_NULL_CONVERSION = YES;
				CLANG_WARN_OBJC_IMPLICIT_RETAIN_SELF = YES;
				CLANG_WARN_OBJC_LITERAL_CONVERSION = YES;
				CLANG_WARN_OBJC_ROOT_CLASS = YES_ERROR;
				CLANG_WARN_RANGE_LOOP_ANALYSIS = YES;
				CLANG_WARN_STRICT_PROTOTYPES = YES;
				CLANG_WARN_SUSPICIOUS_MOVE = YES;
				CLANG_WARN_UNGUARDED_AVAILABILITY = YES_AGGRESSIVE;
				CLANG_WARN_UNREACHABLE_CODE = YES;
				CLANG_WARN__DUPLICATE_METHOD_MATCH = YES;
				CODE_SIGN_IDENTITY = "iPhone Developer";
				COPY_PHASE_STRIP = NO;
				DEBUG_INFORMATION_FORMAT = dwarf;
				ENABLE_STRICT_OBJC_MSGSEND = YES;
				ENABLE_TESTABILITY = YES;
				GCC_C_LANGUAGE_STANDARD = gnu11;
				GCC_DYNAMIC_NO_PIC = NO;
				GCC_NO_COMMON_BLOCKS = YES;
				GCC_OPTIMIZATION_LEVEL = 0;
				GCC_PREPROCESSOR_DEFINITIONS = (
					"DEBUG=1",
					"$(inherited)",
				);
				GCC_WARN_64_TO_32_BIT_CONVERSION = YES;
				GCC_WARN_ABOUT_RETURN_TYPE = YES_ERROR;
				GCC_WARN_UNDECLARED_SELECTOR = YES;
				GCC_WARN_UNINITIALIZED_AUTOS = YES_AGGRESSIVE;
				GCC_WARN_UNUSED_FUNCTION = YES;
				GCC_WARN_UNUSED_VARIABLE = YES;
				IPHONEOS_DEPLOYMENT_TARGET = 12.0;
				MTL_ENABLE_DEBUG_INFO = INCLUDE_SOURCE;
				MTL_FAST_MATH = YES;
				ONLY_ACTIVE_ARCH = YES;
				SDKROOT = iphoneos;
				SWIFT_ACTIVE_COMPILATION_CONDITIONS = DEBUG;
				SWIFT_OPTIMIZATION_LEVEL = "-Onone";
			};
			name = Debug;
		};
		16EEDA05217A985200169389 /* Release */ = {
			isa = XCBuildConfiguration;
			buildSettings = {
				ALWAYS_SEARCH_USER_PATHS = NO;
				CLANG_ANALYZER_NONNULL = YES;
				CLANG_ANALYZER_NUMBER_OBJECT_CONVERSION = YES_AGGRESSIVE;
				CLANG_CXX_LANGUAGE_STANDARD = "gnu++14";
				CLANG_CXX_LIBRARY = "libc++";
				CLANG_ENABLE_MODULES = YES;
				CLANG_ENABLE_OBJC_ARC = YES;
				CLANG_ENABLE_OBJC_WEAK = YES;
				CLANG_WARN_BLOCK_CAPTURE_AUTORELEASING = YES;
				CLANG_WARN_BOOL_CONVERSION = YES;
				CLANG_WARN_COMMA = YES;
				CLANG_WARN_CONSTANT_CONVERSION = YES;
				CLANG_WARN_DEPRECATED_OBJC_IMPLEMENTATIONS = YES;
				CLANG_WARN_DIRECT_OBJC_ISA_USAGE = YES_ERROR;
				CLANG_WARN_DOCUMENTATION_COMMENTS = YES;
				CLANG_WARN_EMPTY_BODY = YES;
				CLANG_WARN_ENUM_CONVERSION = YES;
				CLANG_WARN_INFINITE_RECURSION = YES;
				CLANG_WARN_INT_CONVERSION = YES;
				CLANG_WARN_NON_LITERAL_NULL_CONVERSION = YES;
				CLANG_WARN_OBJC_IMPLICIT_RETAIN_SELF = YES;
				CLANG_WARN_OBJC_LITERAL_CONVERSION = YES;
				CLANG_WARN_OBJC_ROOT_CLASS = YES_ERROR;
				CLANG_WARN_RANGE_LOOP_ANALYSIS = YES;
				CLANG_WARN_STRICT_PROTOTYPES = YES;
				CLANG_WARN_SUSPICIOUS_MOVE = YES;
				CLANG_WARN_UNGUARDED_AVAILABILITY = YES_AGGRESSIVE;
				CLANG_WARN_UNREACHABLE_CODE = YES;
				CLANG_WARN__DUPLICATE_METHOD_MATCH = YES;
				CODE_SIGN_IDENTITY = "iPhone Developer";
				COPY_PHASE_STRIP = NO;
				DEBUG_INFORMATION_FORMAT = "dwarf-with-dsym";
				ENABLE_NS_ASSERTIONS = NO;
				ENABLE_STRICT_OBJC_MSGSEND = YES;
				GCC_C_LANGUAGE_STANDARD = gnu11;
				GCC_NO_COMMON_BLOCKS = YES;
				GCC_WARN_64_TO_32_BIT_CONVERSION = YES;
				GCC_WARN_ABOUT_RETURN_TYPE = YES_ERROR;
				GCC_WARN_UNDECLARED_SELECTOR = YES;
				GCC_WARN_UNINITIALIZED_AUTOS = YES_AGGRESSIVE;
				GCC_WARN_UNUSED_FUNCTION = YES;
				GCC_WARN_UNUSED_VARIABLE = YES;
				IPHONEOS_DEPLOYMENT_TARGET = 12.0;
				MTL_ENABLE_DEBUG_INFO = NO;
				MTL_FAST_MATH = YES;
				SDKROOT = iphoneos;
				SWIFT_COMPILATION_MODE = wholemodule;
				SWIFT_OPTIMIZATION_LEVEL = "-O";
				VALIDATE_PRODUCT = YES;
			};
			name = Release;
		};
		16EEDA07217A985200169389 /* Debug */ = {
			isa = XCBuildConfiguration;
			buildSettings = {
				ASSETCATALOG_COMPILER_APPICON_NAME = AppIcon;
				CODE_SIGN_STYLE = Automatic;
				DEVELOPMENT_TEAM = GAN2RFQ8GY;
				FRAMEWORK_SEARCH_PATHS = (
					"$(inherited)",
					"$(PROJECT_DIR)/Carthage/Build/iOS",
				);
				INFOPLIST_FILE = "MED Mobile/Info.plist";
				LD_RUNPATH_SEARCH_PATHS = (
					"$(inherited)",
					"@executable_path/Frameworks",
				);
				PRODUCT_BUNDLE_IDENTIFIER = "com.evandavid.MED-Mobile";
				PRODUCT_NAME = "$(TARGET_NAME)";
				SWIFT_VERSION = 4.2;
				TARGETED_DEVICE_FAMILY = "1,2";
			};
			name = Debug;
		};
		16EEDA08217A985200169389 /* Release */ = {
			isa = XCBuildConfiguration;
			buildSettings = {
				ASSETCATALOG_COMPILER_APPICON_NAME = AppIcon;
				CODE_SIGN_STYLE = Automatic;
				DEVELOPMENT_TEAM = GAN2RFQ8GY;
				FRAMEWORK_SEARCH_PATHS = (
					"$(inherited)",
					"$(PROJECT_DIR)/Carthage/Build/iOS",
				);
				INFOPLIST_FILE = "MED Mobile/Info.plist";
				LD_RUNPATH_SEARCH_PATHS = (
					"$(inherited)",
					"@executable_path/Frameworks",
				);
				PRODUCT_BUNDLE_IDENTIFIER = "com.evandavid.MED-Mobile";
				PRODUCT_NAME = "$(TARGET_NAME)";
				SWIFT_VERSION = 4.2;
				TARGETED_DEVICE_FAMILY = "1,2";
			};
			name = Release;
		};
/* End XCBuildConfiguration section */

/* Begin XCConfigurationList section */
		16EED9EF217A985100169389 /* Build configuration list for PBXProject "MED Mobile" */ = {
			isa = XCConfigurationList;
			buildConfigurations = (
				16EEDA04217A985200169389 /* Debug */,
				16EEDA05217A985200169389 /* Release */,
			);
			defaultConfigurationIsVisible = 0;
			defaultConfigurationName = Release;
		};
		16EEDA06217A985200169389 /* Build configuration list for PBXNativeTarget "MED Mobile" */ = {
			isa = XCConfigurationList;
			buildConfigurations = (
				16EEDA07217A985200169389 /* Debug */,
				16EEDA08217A985200169389 /* Release */,
			);
			defaultConfigurationIsVisible = 0;
			defaultConfigurationName = Release;
		};
/* End XCConfigurationList section */
	};
	rootObject = 16EED9EC217A985100169389 /* Project object */;
}
